
Microsoft Visual Studio Solution File, Format Version 12.00
# Visual Studio Version 17
VisualStudioVersion = 17.13.35931.197
MinimumVisualStudioVersion = 10.0.40219.1
Project("{FAE04EC0-301F-11D3-BF4B-00C04F79EFBC}") = "PasteleriaSoto.DAL", "PasteleriaSoto.DAL\PasteleriaSoto.DAL.csproj", "{8258AA90-0EAD-3371-65C2-5F4C5E8D120F}"
EndProject
Project("{FAE04EC0-301F-11D3-BF4B-00C04F79EFBC}") = "PasteleriaSoto.BLL", "PasteleriaSoto.BLL\PasteleriaSoto.BLL.csproj", "{5FB7A8FD-9DE2-A152-B682-2EDDEE308A96}"
EndProject
Project("{FAE04EC0-301F-11D3-BF4B-00C04F79EFBC}") = "Pasteleria Soto.UI", "Pasteleria Soto.UI\Pasteleria Soto.UI.csproj", "{5C4ABBE3-036F-9ECC-0A36-AE2DD919E17E}"
EndProject
Global
	GlobalSection(SolutionConfigurationPlatforms) = preSolution
		Debug|Any CPU = Debug|Any CPU
		Release|Any CPU = Release|Any CPU
	EndGlobalSection
	GlobalSection(ProjectConfigurationPlatforms) = postSolution
		{8258AA90-0EAD-3371-65C2-5F4C5E8D120F}.Debug|Any CPU.ActiveCfg = Debug|Any CPU
		{8258AA90-0EAD-3371-65C2-5F4C5E8D120F}.Debug|Any CPU.Build.0 = Debug|Any CPU
		{8258AA90-0EAD-3371-65C2-5F4C5E8D120F}.Release|Any CPU.ActiveCfg = Release|Any CPU
		{8258AA90-0EAD-3371-65C2-5F4C5E8D120F}.Release|Any CPU.Build.0 = Release|Any CPU
		{5FB7A8FD-9DE2-A152-B682-2EDDEE308A96}.Debug|Any CPU.ActiveCfg = Debug|Any CPU
		{5FB7A8FD-9DE2-A152-B682-2EDDEE308A96}.Debug|Any CPU.Build.0 = Debug|Any CPU
		{5FB7A8FD-9DE2-A152-B682-2EDDEE308A96}.Release|Any CPU.ActiveCfg = Release|Any CPU
		{5FB7A8FD-9DE2-A152-B682-2EDDEE308A96}.Release|Any CPU.Build.0 = Release|Any CPU
		{5C4ABBE3-036F-9ECC-0A36-AE2DD919E17E}.Debug|Any CPU.ActiveCfg = Debug|Any CPU
		{5C4ABBE3-036F-9ECC-0A36-AE2DD919E17E}.Debug|Any CPU.Build.0 = Debug|Any CPU
		{5C4ABBE3-036F-9ECC-0A36-AE2DD919E17E}.Release|Any CPU.ActiveCfg = Release|Any CPU
		{5C4ABBE3-036F-9ECC-0A36-AE2DD919E17E}.Release|Any CPU.Build.0 = Release|Any CPU
	EndGlobalSection
	GlobalSection(SolutionProperties) = preSolution
		HideSolutionNode = FALSE
	EndGlobalSection
	GlobalSection(ExtensibilityGlobals) = postSolution
		SolutionGuid = {A1B4792D-E2FF-4CFC-887F-DAA302219406}
	EndGlobalSection
EndGlobal
